
Microsoft Visual Studio Solution File, Format Version 12.00
# Visual Studio Version 17
VisualStudioVersion = 17.13.35825.156
MinimumVisualStudioVersion = 10.0.40219.1
Project("{FAE04EC0-301F-11D3-BF4B-00C04F79EFBC}") = "st10440926-poeparttwo", "st10440926-poeparttwo.csproj", "{C549C5D8-C9E3-43A8-B0B6-5DD54228A0BD}"
EndProject
Project("{FAE04EC0-301F-11D3-BF4B-00C04F79EFBC}") = "st10440926_poeparttwo.Test", "..\st10440926_poeparttwo.Tests\st10440926_poeparttwo.Test.csproj", "{ED3CC5A3-0B62-4F31-B119-654A733BDFE7}"
EndProject
Global
	GlobalSection(SolutionConfigurationPlatforms) = preSolution
		Debug|Any CPU = Debug|Any CPU
		Release|Any CPU = Release|Any CPU
	EndGlobalSection
	GlobalSection(ProjectConfigurationPlatforms) = postSolution
		{C549C5D8-C9E3-43A8-B0B6-5DD54228A0BD}.Debug|Any CPU.ActiveCfg = Debug|Any CPU
		{C549C5D8-C9E3-43A8-B0B6-5DD54228A0BD}.Debug|Any CPU.Build.0 = Debug|Any CPU
		{C549C5D8-C9E3-43A8-B0B6-5DD54228A0BD}.Release|Any CPU.ActiveCfg = Release|Any CPU
		{C549C5D8-C9E3-43A8-B0B6-5DD54228A0BD}.Release|Any CPU.Build.0 = Release|Any CPU
		{ED3CC5A3-0B62-4F31-B119-654A733BDFE7}.Debug|Any CPU.ActiveCfg = Debug|Any CPU
		{ED3CC5A3-0B62-4F31-B119-654A733BDFE7}.Debug|Any CPU.Build.0 = Debug|Any CPU
		{ED3CC5A3-0B62-4F31-B119-654A733BDFE7}.Release|Any CPU.ActiveCfg = Release|Any CPU
		{ED3CC5A3-0B62-4F31-B119-654A733BDFE7}.Release|Any CPU.Build.0 = Release|Any CPU
	EndGlobalSection
	GlobalSection(SolutionProperties) = preSolution
		HideSolutionNode = FALSE
	EndGlobalSection
	GlobalSection(ExtensibilityGlobals) = postSolution
		SolutionGuid = {56242C5E-3B8A-4068-9D0F-B94EB47F38EA}
	EndGlobalSection
EndGlobal
